
Microsoft Visual Studio Solution File, Format Version 12.00
# Visual Studio Version 16
VisualStudioVersion = 16.0.31515.178
MinimumVisualStudioVersion = 10.0.40219.1
Project("{FAE04EC0-301F-11D3-BF4B-00C04F79EFBC}") = "Homework10oct", "Homework10oct\Homework10oct.csproj", "{59C7C9C1-2D6B-4604-99C6-8139F1AE9004}"
EndProject
Global
	GlobalSection(SolutionConfigurationPlatforms) = preSolution
		Debug|Any CPU = Debug|Any CPU
		Release|Any CPU = Release|Any CPU
	EndGlobalSection
	GlobalSection(ProjectConfigurationPlatforms) = postSolution
		{59C7C9C1-2D6B-4604-99C6-8139F1AE9004}.Debug|Any CPU.ActiveCfg = Debug|Any CPU
		{59C7C9C1-2D6B-4604-99C6-8139F1AE9004}.Debug|Any CPU.Build.0 = Debug|Any CPU
		{59C7C9C1-2D6B-4604-99C6-8139F1AE9004}.Release|Any CPU.ActiveCfg = Release|Any CPU
		{59C7C9C1-2D6B-4604-99C6-8139F1AE9004}.Release|Any CPU.Build.0 = Release|Any CPU
	EndGlobalSection
	GlobalSection(SolutionProperties) = preSolution
		HideSolutionNode = FALSE
	EndGlobalSection
	GlobalSection(ExtensibilityGlobals) = postSolution
		SolutionGuid = {CF77486A-1AAB-4011-B5F8-C0E3A24EBE92}
	EndGlobalSection
EndGlobal
